#MicroXplorer Configuration settings - do not modify
ADC.ClockPrescaler=ADC_CLOCK_SYNC_PCLK_DIV2
ADC.DiscontinuousConvMode=ENABLE
ADC.EOCSelection=ADC_EOC_SINGLE_CONV
ADC.IPParameters=Overrun,EOCSelection,OversamplingMode,DiscontinuousConvMode,SamplingTime,ClockPrescaler,ScanConvMode,RightBitShift,Ratio
ADC.Overrun=ADC_OVR_DATA_PRESERVED
ADC.OversamplingMode=ENABLE
ADC.Ratio=ADC_OVERSAMPLING_RATIO_256
ADC.RightBitShift=ADC_RIGHTBITSHIFT_8
ADC.SamplingTime=ADC_SAMPLETIME_39CYCLES_5
ADC.ScanConvMode=ADC_SCAN_DIRECTION_FORWARD
CRC.IPParameters=InputDataFormat
CRC.InputDataFormat=CRC_INPUTDATA_FORMAT_WORDS
File.Version=6
GPIO.groupedBy=Group By Peripherals
I2C1.IPParameters=Timing,Speed
I2C1.Speed=50
I2C1.Timing=0x00000004
KeepUserPlacement=false
LPUART1.BaudRate=9600
LPUART1.IPParameters=BaudRate,WordLength,OneBitSampling
LPUART1.OneBitSampling=UART_ONE_BIT_SAMPLE_DISABLE
LPUART1.WordLength=UART_WORDLENGTH_8B
Mcu.Family=STM32L0
Mcu.IP0=ADC
Mcu.IP1=CRC
Mcu.IP2=I2C1
Mcu.IP3=LPUART1
Mcu.IP4=NVIC
Mcu.IP5=RCC
Mcu.IP6=SYS
Mcu.IP7=TIM2
Mcu.IP8=TIM22
Mcu.IP9=USART2
Mcu.IPNb=10
Mcu.Name=STM32L031G(4-6)Ux
Mcu.Package=UFQFPN28
Mcu.Pin0=PC14-OSC32_IN
Mcu.Pin1=PC15-OSC32_OUT
Mcu.Pin10=PB6
Mcu.Pin11=PB7
Mcu.Pin12=VP_ADC_TempSens_Input
Mcu.Pin13=VP_ADC_Vref_Input
Mcu.Pin14=VP_CRC_VS_CRC
Mcu.Pin15=VP_SYS_VS_Systick
Mcu.Pin16=VP_TIM2_VS_ClockSourceINT
Mcu.Pin17=VP_TIM22_VS_ClockSourceINT
Mcu.Pin18=VP_TIM22_VS_no_output1
Mcu.Pin19=VP_TIM22_VS_OPM
Mcu.Pin2=PA0-CK_IN
Mcu.Pin3=PA2
Mcu.Pin4=PA4
Mcu.Pin5=PB1
Mcu.Pin6=PA9
Mcu.Pin7=PA10
Mcu.Pin8=PA13
Mcu.Pin9=PA14
Mcu.PinsNb=20
Mcu.ThirdPartyNb=0
Mcu.UserConstants=
Mcu.UserName=STM32L031G6Ux
MxCube.Version=6.3.0
MxDb.Version=DB.6.0.30
NVIC.ADC1_COMP_IRQn=true\:0\:0\:false\:false\:true\:true\:true
NVIC.EXTI4_15_IRQn=true\:0\:0\:false\:false\:true\:true\:true
NVIC.ForceEnableDMAVector=true
NVIC.HardFault_IRQn=true\:0\:0\:false\:false\:true\:false\:false
NVIC.LPUART1_IRQn=true\:0\:0\:false\:false\:true\:true\:true
NVIC.NonMaskableInt_IRQn=true\:0\:0\:false\:false\:true\:false\:false
NVIC.PendSV_IRQn=true\:0\:0\:false\:false\:true\:false\:false
NVIC.SVC_IRQn=true\:0\:0\:false\:false\:true\:false\:false
NVIC.SysTick_IRQn=true\:0\:0\:false\:false\:true\:false\:true
NVIC.TIM22_IRQn=true\:0\:0\:false\:false\:true\:true\:true
NVIC.TIM2_IRQn=true\:0\:0\:false\:false\:true\:true\:true
NVIC.USART2_IRQn=true\:2\:0\:true\:false\:true\:true\:true
PA0-CK_IN.Locked=true
PA0-CK_IN.Mode=IN0
PA0-CK_IN.Signal=ADC_IN0
PA10.GPIOParameters=GPIO_Label
PA10.GPIO_Label=DEBUG_USART2_RX
PA10.Locked=true
PA10.Mode=Asynchronous
PA10.Signal=USART2_RX
PA13.Mode=Serial_Wire
PA13.Signal=SYS_SWDIO
PA14.Mode=Serial_Wire
PA14.Signal=SYS_SWCLK
PA2.Mode=Half_duplex(single_wire_mode)
PA2.Signal=LPUART1_TX
PA4.GPIOParameters=GPIO_Label,GPIO_ModeDefaultEXTI
PA4.GPIO_Label=RDY_ADS1115
PA4.GPIO_ModeDefaultEXTI=GPIO_MODE_IT_RISING
PA4.Locked=true
PA4.Signal=GPXTI4
PA9.GPIOParameters=GPIO_Label
PA9.GPIO_Label=DEBUG_USART2_TX
PA9.Locked=true
PA9.Mode=Asynchronous
PA9.Signal=USART2_TX
PB1.GPIOParameters=GPIO_Label
PB1.GPIO_Label=HEAT_GPIO_Output
PB1.Locked=true
PB1.Signal=GPIO_Output
PB6.GPIOParameters=GPIO_Pu
PB6.GPIO_Pu=GPIO_PULLUP
PB6.Mode=I2C
PB6.Signal=I2C1_SCL
PB7.GPIOParameters=GPIO_Pu
PB7.GPIO_Pu=GPIO_PULLUP
PB7.Mode=I2C
PB7.Signal=I2C1_SDA
PC14-OSC32_IN.Mode=LSE-External-Oscillator
PC14-OSC32_IN.Signal=RCC_OSC32_IN
PC15-OSC32_OUT.Mode=LSE-External-Oscillator
PC15-OSC32_OUT.Signal=RCC_OSC32_OUT
PinOutPanel.RotationAngle=0
ProjectManager.AskForMigrate=true
ProjectManager.BackupPrevious=false
ProjectManager.CompilerOptimize=6
ProjectManager.ComputerToolchain=false
ProjectManager.CoupleFile=true
ProjectManager.CustomerFirmwarePackage=
ProjectManager.DefaultFWLocation=true
ProjectManager.DeletePrevious=true
ProjectManager.DeviceId=STM32L031G6Ux
ProjectManager.FirmwarePackage=STM32Cube FW_L0 V1.12.0
ProjectManager.FreePins=false
ProjectManager.HalAssertFull=false
ProjectManager.HeapSize=0x200
ProjectManager.KeepUserCode=true
ProjectManager.LastFirmware=false
ProjectManager.LibraryCopy=1
ProjectManager.MainLocation=Core/Src
ProjectManager.NoMain=false
ProjectManager.PreviousToolchain=
ProjectManager.ProjectBuild=false
ProjectManager.ProjectFileName=Smart-Pwr.ioc
ProjectManager.ProjectName=Smart-Pwr
ProjectManager.RegisterCallBack=
ProjectManager.StackSize=0x400
ProjectManager.TargetToolchain=STM32CubeIDE
ProjectManager.ToolChainLocation=
ProjectManager.UnderRoot=true
ProjectManager.functionlistsort=1-MX_GPIO_Init-GPIO-false-LL-true,2-SystemClock_Config-RCC-false-LL-false,3-MX_ADC_Init-ADC-false-LL-true,4-MX_I2C1_Init-I2C1-false-LL-true,5-MX_LPUART1_UART_Init-LPUART1-false-LL-true,6-MX_USART2_UART_Init-USART2-false-LL-true,7-MX_TIM2_Init-TIM2-false-LL-true,8-MX_TIM22_Init-TIM22-false-LL-true,9-MX_CRC_Init-CRC-false-LL-true
RCC.AHBFreq_Value=524288
RCC.APB1Freq_Value=524288
RCC.APB1TimFreq_Value=524288
RCC.APB2Freq_Value=524288
RCC.APB2TimFreq_Value=524288
RCC.FCLKCortexFreq_Value=524288
RCC.FamilyName=M
RCC.HCLKFreq_Value=524288
RCC.HSE_VALUE=8000000
RCC.HSI16_VALUE=16000000
RCC.HSI_VALUE=16000000
RCC.I2C1Freq_Value=524288
RCC.IPParameters=AHBFreq_Value,APB1Freq_Value,APB1TimFreq_Value,APB2Freq_Value,APB2TimFreq_Value,FCLKCortexFreq_Value,FamilyName,HCLKFreq_Value,HSE_VALUE,HSI16_VALUE,HSI_VALUE,I2C1Freq_Value,LPTIMFreq_Value,LPUARTFreq_Value,LSE_Drive_Capability,LSI_VALUE,Lpuart1ClockSelection,MCOPinFreq_Value,MSIClockRange,MSI_VALUE,PLLCLKFreq_Value,PREFETCH_ENABLE,PWRFreq_Value,RTCFreq_Value,RTCHSEDivFreq_Value,SYSCLKFreq_VALUE,TIMFreq_Value,TimerFreq_Value,USART2Freq_Value,Usart2ClockSelection,VCOOutputFreq_Value,WatchDogFreq_Value
RCC.LPTIMFreq_Value=524288
RCC.LPUARTFreq_Value=32768
RCC.LSE_Drive_Capability=RCC_LSEDRIVE_LOW
RCC.LSI_VALUE=37000
RCC.Lpuart1ClockSelection=RCC_LPUART1CLKSOURCE_LSE
RCC.MCOPinFreq_Value=524288
RCC.MSIClockRange=RCC_MSIRANGE_3
RCC.MSI_VALUE=524288
RCC.PLLCLKFreq_Value=24000000
RCC.PREFETCH_ENABLE=0
RCC.PWRFreq_Value=524288
RCC.RTCFreq_Value=37000
RCC.RTCHSEDivFreq_Value=4000000
RCC.SYSCLKFreq_VALUE=524288
RCC.TIMFreq_Value=524288
RCC.TimerFreq_Value=524288
RCC.USART2Freq_Value=16000000
RCC.Usart2ClockSelection=RCC_USART2CLKSOURCE_HSI
RCC.VCOOutputFreq_Value=48000000
RCC.WatchDogFreq_Value=37000
SH.GPXTI4.0=GPIO_EXTI4
SH.GPXTI4.ConfNb=1
TIM2.AutoReloadPreload=TIM_AUTORELOAD_PRELOAD_ENABLE
TIM2.CounterMode=TIM_COUNTERMODE_UP
TIM2.IPParameters=AutoReloadPreload,Period,TIM_MasterOutputTrigger,Prescaler,CounterMode
TIM2.Period=4095
TIM2.Prescaler=0
TIM2.TIM_MasterOutputTrigger=TIM_TRGO_ENABLE
TIM22.AutoReloadPreload=TIM_AUTORELOAD_PRELOAD_DISABLE
TIM22.Channel-Output\ Compare1\ No\ Output=TIM_CHANNEL_1
TIM22.IPParameters=Period,AutoReloadPreload,Channel-Output Compare1 No Output,Pulse-Output Compare1 No Output
TIM22.Period=1911
TIM22.Pulse-Output\ Compare1\ No\ Output=1911
USART2.BaudRate=115200
USART2.IPParameters=VirtualMode-Asynchronous,BaudRate
USART2.VirtualMode-Asynchronous=VM_ASYNC
VP_ADC_TempSens_Input.Mode=IN-TempSens
VP_ADC_TempSens_Input.Signal=ADC_TempSens_Input
VP_ADC_Vref_Input.Mode=IN-Vrefint
VP_ADC_Vref_Input.Signal=ADC_Vref_Input
VP_CRC_VS_CRC.Mode=CRC_Activate
VP_CRC_VS_CRC.Signal=CRC_VS_CRC
VP_SYS_VS_Systick.Mode=SysTick
VP_SYS_VS_Systick.Signal=SYS_VS_Systick
VP_TIM22_VS_ClockSourceINT.Mode=Internal
VP_TIM22_VS_ClockSourceINT.Signal=TIM22_VS_ClockSourceINT
VP_TIM22_VS_OPM.Mode=OPM_bit
VP_TIM22_VS_OPM.Signal=TIM22_VS_OPM
VP_TIM22_VS_no_output1.Mode=Output Compare1 No Output
VP_TIM22_VS_no_output1.Signal=TIM22_VS_no_output1
VP_TIM2_VS_ClockSourceINT.Mode=Internal
VP_TIM2_VS_ClockSourceINT.Signal=TIM2_VS_ClockSourceINT
board=custom
isbadioc=false
